
Microsoft Visual Studio Solution File, Format Version 12.00
# Visual Studio Version 17
VisualStudioVersion = 17.2.32602.215
MinimumVisualStudioVersion = 10.0.40219.1
Project("{9A19103F-16F7-4668-BE54-9A1E7A4F7556}") = "StorePass.DataServer", "StorePass.DataServer\StorePass.DataServer.csproj", "{5C3269A4-F1C1-4101-B932-55591E0E570C}"
EndProject
Global
	GlobalSection(SolutionConfigurationPlatforms) = preSolution
		Debug|Any CPU = Debug|Any CPU
		Release|Any CPU = Release|Any CPU
	EndGlobalSection
	GlobalSection(ProjectConfigurationPlatforms) = postSolution
		{5C3269A4-F1C1-4101-B932-55591E0E570C}.Debug|Any CPU.ActiveCfg = Debug|Any CPU
		{5C3269A4-F1C1-4101-B932-55591E0E570C}.Debug|Any CPU.Build.0 = Debug|Any CPU
		{5C3269A4-F1C1-4101-B932-55591E0E570C}.Release|Any CPU.ActiveCfg = Release|Any CPU
		{5C3269A4-F1C1-4101-B932-55591E0E570C}.Release|Any CPU.Build.0 = Release|Any CPU
	EndGlobalSection
	GlobalSection(SolutionProperties) = preSolution
		HideSolutionNode = FALSE
	EndGlobalSection
	GlobalSection(ExtensibilityGlobals) = postSolution
		SolutionGuid = {3E1D1E17-512A-42FB-8710-7B68DC532F4E}
	EndGlobalSection
EndGlobal
